github.com/cpuguy83/go-md2man/v2 v2.0.4/go.mod h1:gZmBEqtbmDgLYm6HOxpmEA8+yu0lNDZXX+SV89Y9iy8=
github.com/davecgh/go-spew v1.1.1 h1:vj9j/u1bqnvCEfJOwUhtlOARqs3+rkHYY13jYWTU97c=
github.com/davecgh/go-spew v1.1.1/go.mod h1:J7Y8YcW2NihsgmVo/mv3lAwl/skON4iLHjSsI+c5H38=
github.com/inconshreveable/mousetrap v1.1.0 h1:wN3q4NGF+OC0dECKYn/FVHnwaIfHkX2BpN9OhjnfK4M=
github.com/inconshreveable/mousetrap v1.1.0/go.mod h1:vpF70FUmC8bwa3OWnCshd2FqLssEA9PF2rUrlP2ALrCg=
github.com/mattn/go-runewidth v0.0.9/go.mod h1:H031xJmbD/WCDINGzjvQ9THkh0rPKHF+m2gUSrubnMI=
github.com/mattn/go-runewidth v0.0.16 h1:9x9HBEggm5ix/M4H8UfP/OXI02wHFQ+tC7cLuFjKd7E=
github.com/mattn/go-runewidth v0.0.16/go.mod h1:Jdepj2loyihRzMpdS35Xk/zdY8IAYHsh153qUoGf23w=
github.com/olekukonko/tablewriter v0.0.5 h1:P2Ga83D34wi1o9J6Wh1mRuqd4mF/x/lgBS7N7AbDhec=
github.com/olekukonko/tablewriter v0.0.5/go.mod h1:hPp6KlRPjbx+hW8ykQs1w3UBbZlj6HuIJcUGPhkA7kY=
github.com/pmezard/go-difflib v1.0.0 h1:4DBwDE0NGyQoBHbLQYPwSUPoCMWR5BEzIk/f1lZbAQM=
github.com/pmezard/go-difflib v1.0.0/go.mod h1:iKH77koFhYxTK1pcRnkKkqfTogsbg7gZNVY4sRDYZ/4=
github.com/rivo/uniseg v0.2.0/go.mod h1:J6wj4VEh+S6ZtnVlnTMOlwogTdDi5vGI+2rQexB8QQY=
github.com/rivo/uniseg v0.4.7 h1:WU3u8uhYk09+qhO8OlwY7GqqETyRIvdgUbrH4zAC/Wo=
github.com/rivo/uniseg v0.4.7/go.mod h1:FN3SvrM+Zdj16jyLfmOkMNblXMcoc8DfTHruCPUcx88=
github.com/russross/blackfriday/v2 v2.1.0/go.mod h1:+Rmxgy8zK2NnK+IFiXODXNT6w+BVnEXOJVteEBwYAlO=
github.com/spf13/cobra v1.8.1 h1:e5/vxKd/rZsfSJMUX1agtjeTDf+qv1/JdBF8gg5k9ZM=
github.com/spf13/cobra v1.8.1/go.mod h1:wHxEcudfqmLYa8iTfL+OuZPbBZkmvliBWKIezN3kD9Y=
github.com/spf13/pflag v1.0.5/go.mod h1:McXfInJRrz4CZXVZOBLb0bTZqET/JIsZwOjZ7g97O/L=
github.com/spf13/pflag v1.0.6 h1:jFhHvOC48QZ7I9lD9F7Muy9oMsXOt2UB1zNcR8HfJ6M=
github.com/spf13/pflag v1.0.6/go.mod h1:McXfInJRrz4CZXVZOBLb0bTZqET/JIsZwOjZ7g97O/L=
github.com/stretchr/testify v1.9.0 h1:HtqpMAP5ZlEn4dK+lQw3+pIUfO3u6qKTUsN6hQ7+f0A=
github.com/stretchr/testify v1.9.0/go.mod h1:r2ic/lqez/lEtzL7wO/rwa5dbSLXVDPFy+C8a5oQrPS4=
golang.org/x/sys v0.13.0/go.mod h1:oPkhp1MJrh7nUepCBck5+mAzfO9JrbApNNgaTdGDITg=
golang.org/x/sys v0.29.0 h1:TPYlXGxvx1MGTn2GiZDhnjPA9wZzZeGKHHmKhHYvgaU=
golang.org/x/sys v0.29.0/go.mod h1:/VUhepiaJMQUp4+oa/7Zr1D2ma6a6LlFVdKDyiLp4GA=
gopkg.in/check.v1 v0.0.0-20161208181325-2d4d2086ef7c h1:IohK42w9pM3WSK/I1GbbUII8II2fTHEsU9CZ5yfFONg=
gopkg.in/check.v1 v0.0.0-20161208181325-2d4d2086ef7c/go.mod h1:6Coi6bg2cLNh3y1UsybN9xk7vdUS9H6uY7uxmNdG8aQ=
gopkg.in/yaml.v2 v2.4.0/go.mod h1:RDklbk79AGWmwhnvt/jBztapEOGDOx6ZbXqjP6csGnQ=
gopkg.in/yaml.v3 v3.0.1 h1:fxvmCcLyAk02H6GPz5fc7I3pbEHc67FqHT5HmVsTo6I=
gopkg.in/yaml.v3 v3.0.1/go.mod h1:K4uyk7z7BCEPqu6E+C64Yfv1cQ7z7OIdpCSZJiqmTw=
